{
  "requires": true,
  "lockfileVersion": 1,
  "dependencies": {
    "aspect.js": {
      "version": "0.7.5",
      "resolved": "https://registry.npmjs.org/aspect.js/-/aspect.js-0.7.5.tgz",
      "integrity": "sha512-LfUQ5HDshJRNfFap1i172pyiHCBrHZvZiRk0/4p1hTnSS81p1vTE2NB+zC1KSx+J0sVuxHu1dQbnA+rk/rZc4w=="
    },
    "typescript": {
      "version": "3.1.6",
      "resolved": "https://registry.npmjs.org/typescript/-/typescript-3.1.6.tgz",
      "integrity": "sha512-tDMYfVtvpb96msS1lDX9MEdHrW4yOuZ4Kdc4Him9oU796XldPYF/t2+uKoX0BBa0hXXwDlqYQbXY5Rzjzc5hBA==",
      "dev": true
    }
  }
}
